// !$*UTF8*$!
{
	archiveVersion = 1;
	classes = {
	};
	objectVersion = 56;
	objects = {

/* Begin PBXBuildFile section */
		2AECF2922AB9495000AA1E6B /* RomanNumeralsAppApp.swift in Sources */ = {isa = PBXBuildFile; fileRef = 2AECF2912AB9495000AA1E6B /* RomanNumeralsAppApp.swift */; };
		2AECF2942AB9495000AA1E6B /* ContentView.swift in Sources */ = {isa = PBXBuildFile; fileRef = 2AECF2932AB9495000AA1E6B /* ContentView.swift */; };
		2AECF2962AB9495200AA1E6B /* Assets.xcassets in Resources */ = {isa = PBXBuildFile; fileRef = 2AECF2952AB9495200AA1E6B /* Assets.xcassets */; };
		2AECF2992AB9495200AA1E6B /* Preview Assets.xcassets in Resources */ = {isa = PBXBuildFile; fileRef = 2AECF2982AB9495200AA1E6B /* Preview Assets.xcassets */; };
		2AECF2A32AB9495200AA1E6B /* RomanNumeralsAppTests.swift in Sources */ = {isa = PBXBuildFile; fileRef = 2AECF2A22AB9495200AA1E6B /* RomanNumeralsAppTests.swift */; };
		2AECF2AD2AB9495200AA1E6B /* RomanNumeralsAppUITests.swift in Sources */ = {isa = PBXBuildFile; fileRef = 2AECF2AC2AB9495200AA1E6B /* RomanNumeralsAppUITests.swift */; };
		2AECF2AF2AB9495200AA1E6B /* RomanNumeralsAppUITestsLaunchTests.swift in Sources */ = {isa = PBXBuildFile; fileRef = 2AECF2AE2AB9495200AA1E6B /* RomanNumeralsAppUITestsLaunchTests.swift */; };
/* End PBXBuildFile section */

/* Begin PBXContainerItemProxy section */
		2AECF29F2AB9495200AA1E6B /* PBXContainerItemProxy */ = {
			isa = PBXContainerItemProxy;
			containerPortal = 2AECF2862AB9495000AA1E6B /* Project object */;
			proxyType = 1;
			remoteGlobalIDString = 2AECF28D2AB9495000AA1E6B;
			remoteInfo = RomanNumeralsApp;
		};
		2AECF2A92AB9495200AA1E6B /* PBXContainerItemProxy */ = {
			isa = PBXContainerItemProxy;
			containerPortal = 2AECF2862AB9495000AA1E6B /* Project object */;
			proxyType = 1;
			remoteGlobalIDString = 2AECF28D2AB9495000AA1E6B;
			remoteInfo = RomanNumeralsApp;
		};
/* End PBXContainerItemProxy section */

/* Begin PBXFileReference section */
		2AECF28E2AB9495000AA1E6B /* RomanNumeralsApp.app */ = {isa = PBXFileReference; explicitFileType = wrapper.application; includeInIndex = 0; path = RomanNumeralsApp.app; sourceTree = BUILT_PRODUCTS_DIR; };
		2AECF2912AB9495000AA1E6B /* RomanNumeralsAppApp.swift */ = {isa = PBXFileReference; lastKnownFileType = sourcecode.swift; path = RomanNumeralsAppApp.swift; sourceTree = "<group>"; };
		2AECF2932AB9495000AA1E6B /* ContentView.swift */ = {isa = PBXFileReference; lastKnownFileType = sourcecode.swift; path = ContentView.swift; sourceTree = "<group>"; };
		2AECF2952AB9495200AA1E6B /* Assets.xcassets */ = {isa = PBXFileReference; lastKnownFileType = folder.assetcatalog; path = Assets.xcassets; sourceTree = "<group>"; };
		2AECF2982AB9495200AA1E6B /* Preview Assets.xcassets */ = {isa = PBXFileReference; lastKnownFileType = folder.assetcatalog; path = "Preview Assets.xcassets"; sourceTree = "<group>"; };
		2AECF29E2AB9495200AA1E6B /* RomanNumeralsAppTests.xctest */ = {isa = PBXFileReference; explicitFileType = wrapper.cfbundle; includeInIndex = 0; path = RomanNumeralsAppTests.xctest; sourceTree = BUILT_PRODUCTS_DIR; };
		2AECF2A22AB9495200AA1E6B /* RomanNumeralsAppTests.swift */ = {isa = PBXFileReference; lastKnownFileType = sourcecode.swift; path = RomanNumeralsAppTests.swift; sourceTree = "<group>"; };
		2AECF2A82AB9495200AA1E6B /* RomanNumeralsAppUITests.xctest */ = {isa = PBXFileReference; explicitFileType = wrapper.cfbundle; includeInIndex = 0; path = RomanNumeralsAppUITests.xctest; sourceTree = BUILT_PRODUCTS_DIR; };
		2AECF2AC2AB9495200AA1E6B /* RomanNumeralsAppUITests.swift */ = {isa = PBXFileReference; lastKnownFileType = sourcecode.swift; path = RomanNumeralsAppUITests.swift; sourceTree = "<group>"; };
		2AECF2AE2AB9495200AA1E6B /* RomanNumeralsAppUITestsLaunchTests.swift */ = {isa = PBXFileReference; lastKnownFileType = sourcecode.swift; path = RomanNumeralsAppUITestsLaunchTests.swift; sourceTree = "<group>"; };
/* End PBXFileReference section */

/* Begin PBXFrameworksBuildPhase section */
		2AECF28B2AB9495000AA1E6B /* Frameworks */ = {
			isa = PBXFrameworksBuildPhase;
			buildActionMask = 2147483647;
			files = (
			);
			runOnlyForDeploymentPostprocessing = 0;
		};
		2AECF29B2AB9495200AA1E6B /* Frameworks */ = {
			isa = PBXFrameworksBuildPhase;
			buildActionMask = 2147483647;
			files = (
			);
			runOnlyForDeploymentPostprocessing = 0;
		};
		2AECF2A52AB9495200AA1E6B /* Frameworks */ = {
			isa = PBXFrameworksBuildPhase;
			buildActionMask = 2147483647;
			files = (
			);
			runOnlyForDeploymentPostprocessing = 0;
		};
/* End PBXFrameworksBuildPhase section */

/* Begin PBXGroup section */
		2AECF2852AB9495000AA1E6B = {
			isa = PBXGroup;
			children = (
				2AECF2902AB9495000AA1E6B /* RomanNumeralsApp */,
				2AECF2A12AB9495200AA1E6B /* RomanNumeralsAppTests */,
				2AECF2AB2AB9495200AA1E6B /* RomanNumeralsAppUITests */,
				2AECF28F2AB9495000AA1E6B /* Products */,
			);
			sourceTree = "<group>";
		};
		2AECF28F2AB9495000AA1E6B /* Products */ = {
			isa = PBXGroup;
			children = (
				2AECF28E2AB9495000AA1E6B /* RomanNumeralsApp.app */,
				2AECF29E2AB9495200AA1E6B /* RomanNumeralsAppTests.xctest */,
				2AECF2A82AB9495200AA1E6B /* RomanNumeralsAppUITests.xctest */,
			);
			name = Products;
			sourceTree = "<group>";
		};
		2AECF2902AB9495000AA1E6B /* RomanNumeralsApp */ = {
			isa = PBXGroup;
			children = (
				2AECF2912AB9495000AA1E6B /* RomanNumeralsAppApp.swift */,
				2AECF2932AB9495000AA1E6B /* ContentView.swift */,
				2AECF2952AB9495200AA1E6B /* Assets.xcassets */,
				2AECF2972AB9495200AA1E6B /* Preview Content */,
			);
			path = RomanNumeralsApp;
			sourceTree = "<group>";
		};
		2AECF2972AB9495200AA1E6B /* Preview Content */ = {
			isa = PBXGroup;
			children = (
				2AECF2982AB9495200AA1E6B /* Preview Assets.xcassets */,
			);
			path = "Preview Content";
			sourceTree = "<group>";
		};
		2AECF2A12AB9495200AA1E6B /* RomanNumeralsAppTests */ = {
			isa = PBXGroup;
			children = (
				2AECF2A22AB9495200AA1E6B /* RomanNumeralsAppTests.swift */,
			);
			path = RomanNumeralsAppTests;
			sourceTree = "<group>";
		};
		2AECF2AB2AB9495200AA1E6B /* RomanNumeralsAppUITests */ = {
			isa = PBXGroup;
			children = (
				2AECF2AC2AB9495200AA1E6B /* RomanNumeralsAppUITests.swift */,
				2AECF2AE2AB9495200AA1E6B /* RomanNumeralsAppUITestsLaunchTests.swift */,
			);
			path = RomanNumeralsAppUITests;
			sourceTree = "<group>";
		};
/* End PBXGroup section */

/* Begin PBXNativeTarget section */
		2AECF28D2AB9495000AA1E6B /* RomanNumeralsApp */ = {
			isa = PBXNativeTarget;
			buildConfigurationList = 2AECF2B22AB9495200AA1E6B /* Build configuration list for PBXNativeTarget "RomanNumeralsApp" */;
			buildPhases = (
				2AECF28A2AB9495000AA1E6B /* Sources */,
				2AECF28B2AB9495000AA1E6B /* Frameworks */,
				2AECF28C2AB9495000AA1E6B /* Resources */,
			);
			buildRules = (
			);
			dependencies = (
			);
			name = RomanNumeralsApp;
			productName = RomanNumeralsApp;
			productReference = 2AECF28E2AB9495000AA1E6B /* RomanNumeralsApp.app */;
			productType = "com.apple.product-type.application";
		};
		2AECF29D2AB9495200AA1E6B /* RomanNumeralsAppTests */ = {
			isa = PBXNativeTarget;
			buildConfigurationList = 2AECF2B52AB9495200AA1E6B /* Build configuration list for PBXNativeTarget "RomanNumeralsAppTests" */;
			buildPhases = (
				2AECF29A2AB9495200AA1E6B /* Sources */,
				2AECF29B2AB9495200AA1E6B /* Frameworks */,
				2AECF29C2AB9495200AA1E6B /* Resources */,
			);
			buildRules = (
			);
			dependencies = (
				2AECF2A02AB9495200AA1E6B /* PBXTargetDependency */,
			);
			name = RomanNumeralsAppTests;
			productName = RomanNumeralsAppTests;
			productReference = 2AECF29E2AB9495200AA1E6B /* RomanNumeralsAppTests.xctest */;
			productType = "com.apple.product-type.bundle.unit-test";
		};
		2AECF2A72AB9495200AA1E6B /* RomanNumeralsAppUITests */ = {
			isa = PBXNativeTarget;
			buildConfigurationList = 2AECF2B82AB9495200AA1E6B /* Build configuration list for PBXNativeTarget "RomanNumeralsAppUITests" */;
			buildPhases = (
				2AECF2A42AB9495200AA1E6B /* Sources */,
				2AECF2A52AB9495200AA1E6B /* Frameworks */,
				2AECF2A62AB9495200AA1E6B /* Resources */,
			);
			buildRules = (
			);
			dependencies = (
				2AECF2AA2AB9495200AA1E6B /* PBXTargetDependency */,
			);
			name = RomanNumeralsAppUITests;
			productName = RomanNumeralsAppUITests;
			productReference = 2AECF2A82AB9495200AA1E6B /* RomanNumeralsAppUITests.xctest */;
			productType = "com.apple.product-type.bundle.ui-testing";
		};
/* End PBXNativeTarget section */

/* Begin PBXProject section */
		2AECF2862AB9495000AA1E6B /* Project object */ = {
			isa = PBXProject;
			attributes = {
				BuildIndependentTargetsInParallel = 1;
				LastSwiftUpdateCheck = 1430;
				LastUpgradeCheck = 1430;
				TargetAttributes = {
					2AECF28D2AB9495000AA1E6B = {
						CreatedOnToolsVersion = 14.3.1;
					};
					2AECF29D2AB9495200AA1E6B = {
						CreatedOnToolsVersion = 14.3.1;
						TestTargetID = 2AECF28D2AB9495000AA1E6B;
					};
					2AECF2A72AB9495200AA1E6B = {
						CreatedOnToolsVersion = 14.3.1;
						TestTargetID = 2AECF28D2AB9495000AA1E6B;
					};
				};
			};
			buildConfigurationList = 2AECF2892AB9495000AA1E6B /* Build configuration list for PBXProject "RomanNumeralsApp" */;
			compatibilityVersion = "Xcode 14.0";
			developmentRegion = en;
			hasScannedForEncodings = 0;
			knownRegions = (
				en,
				Base,
			);
			mainGroup = 2AECF2852AB9495000AA1E6B;
			productRefGroup = 2AECF28F2AB9495000AA1E6B /* Products */;
			projectDirPath = "";
			projectRoot = "";
			targets = (
				2AECF28D2AB9495000AA1E6B /* RomanNumeralsApp */,
				2AECF29D2AB9495200AA1E6B /* RomanNumeralsAppTests */,
				2AECF2A72AB9495200AA1E6B /* RomanNumeralsAppUITests */,
			);
		};
/* End PBXProject section */

/* Begin PBXResourcesBuildPhase section */
		2AECF28C2AB9495000AA1E6B /* Resources */ = {
			isa = PBXResourcesBuildPhase;
			buildActionMask = 2147483647;
			files = (
				2AECF2992AB9495200AA1E6B /* Preview Assets.xcassets in Resources */,
				2AECF2962AB9495200AA1E6B /* Assets.xcassets in Resources */,
			);
			runOnlyForDeploymentPostprocessing = 0;
		};
		2AECF29C2AB9495200AA1E6B /* Resources */ = {
			isa = PBXResourcesBuildPhase;
			buildActionMask = 2147483647;
			files = (
			);
			runOnlyForDeploymentPostprocessing = 0;
		};
		2AECF2A62AB9495200AA1E6B /* Resources */ = {
			isa = PBXResourcesBuildPhase;
			buildActionMask = 2147483647;
			files = (
			);
			runOnlyForDeploymentPostprocessing = 0;
		};
/* End PBXResourcesBuildPhase section */

/* Begin PBXSourcesBuildPhase section */
		2AECF28A2AB9495000AA1E6B /* Sources */ = {
			isa = PBXSourcesBuildPhase;
			buildActionMask = 2147483647;
			files = (
				2AECF2942AB9495000AA1E6B /* ContentView.swift in Sources */,
				2AECF2922AB9495000AA1E6B /* RomanNumeralsAppApp.swift in Sources */,
			);
			runOnlyForDeploymentPostprocessing = 0;
		};
		2AECF29A2AB9495200AA1E6B /* Sources */ = {
			isa = PBXSourcesBuildPhase;
			buildActionMask = 2147483647;
			files = (
				2AECF2A32AB9495200AA1E6B /* RomanNumeralsAppTests.swift in Sources */,
			);
			runOnlyForDeploymentPostprocessing = 0;
		};
		2AECF2A42AB9495200AA1E6B /* Sources */ = {
			isa = PBXSourcesBuildPhase;
			buildActionMask = 2147483647;
			files = (
				2AECF2AD2AB9495200AA1E6B /* RomanNumeralsAppUITests.swift in Sources */,
				2AECF2AF2AB9495200AA1E6B /* RomanNumeralsAppUITestsLaunchTests.swift in Sources */,
			);
			runOnlyForDeploymentPostprocessing = 0;
		};
/* End PBXSourcesBuildPhase section */

/* Begin PBXTargetDependency section */
		2AECF2A02AB9495200AA1E6B /* PBXTargetDependency */ = {
			isa = PBXTargetDependency;
			target = 2AECF28D2AB9495000AA1E6B /* RomanNumeralsApp */;
			targetProxy = 2AECF29F2AB9495200AA1E6B /* PBXContainerItemProxy */;
		};
		2AECF2AA2AB9495200AA1E6B /* PBXTargetDependency */ = {
			isa = PBXTargetDependency;
			target = 2AECF28D2AB9495000AA1E6B /* RomanNumeralsApp */;
			targetProxy = 2AECF2A92AB9495200AA1E6B /* PBXContainerItemProxy */;
		};
/* End PBXTargetDependency section */

/* Begin XCBuildConfiguration section */
		2AECF2B02AB9495200AA1E6B /* Debug */ = {
			isa = XCBuildConfiguration;
			buildSettings = {
				ALWAYS_SEARCH_USER_PATHS = NO;
				CLANG_ANALYZER_NONNULL = YES;
				CLANG_ANALYZER_NUMBER_OBJECT_CONVERSION = YES_AGGRESSIVE;
				CLANG_CXX_LANGUAGE_STANDARD = "gnu++20";
				CLANG_ENABLE_MODULES = YES;
				CLANG_ENABLE_OBJC_ARC = YES;
				CLANG_ENABLE_OBJC_WEAK = YES;
				CLANG_WARN_BLOCK_CAPTURE_AUTORELEASING = YES;
				CLANG_WARN_BOOL_CONVERSION = YES;
				CLANG_WARN_COMMA = YES;
				CLANG_WARN_CONSTANT_CONVERSION = YES;
				CLANG_WARN_DEPRECATED_OBJC_IMPLEMENTATIONS = YES;
				CLANG_WARN_DIRECT_OBJC_ISA_USAGE = YES_ERROR;
				CLANG_WARN_DOCUMENTATION_COMMENTS = YES;
				CLANG_WARN_EMPTY_BODY = YES;
				CLANG_WARN_ENUM_CONVERSION = YES;
				CLANG_WARN_INFINITE_RECURSION = YES;
				CLANG_WARN_INT_CONVERSION = YES;
				CLANG_WARN_NON_LITERAL_NULL_CONVERSION = YES;
				CLANG_WARN_OBJC_IMPLICIT_RETAIN_SELF = YES;
				CLANG_WARN_OBJC_LITERAL_CONVERSION = YES;
				CLANG_WARN_OBJC_ROOT_CLASS = YES_ERROR;
				CLANG_WARN_QUOTED_INCLUDE_IN_FRAMEWORK_HEADER = YES;
				CLANG_WARN_RANGE_LOOP_ANALYSIS = YES;
				CLANG_WARN_STRICT_PROTOTYPES = YES;
				CLANG_WARN_SUSPICIOUS_MOVE = YES;
				CLANG_WARN_UNGUARDED_AVAILABILITY = YES_AGGRESSIVE;
				CLANG_WARN_UNREACHABLE_CODE = YES;
				CLANG_WARN__DUPLICATE_METHOD_MATCH = YES;
				COPY_PHASE_STRIP = NO;
				DEBUG_INFORMATION_FORMAT = dwarf;
				ENABLE_STRICT_OBJC_MSGSEND = YES;
				ENABLE_TESTABILITY = YES;
				GCC_C_LANGUAGE_STANDARD = gnu11;
				GCC_DYNAMIC_NO_PIC = NO;
				GCC_NO_COMMON_BLOCKS = YES;
				GCC_OPTIMIZATION_LEVEL = 0;
				GCC_PREPROCESSOR_DEFINITIONS = (
					"DEBUG=1",
					"$(inherited)",
				);
				GCC_WARN_64_TO_32_BIT_CONVERSION = YES;
				GCC_WARN_ABOUT_RETURN_TYPE = YES_ERROR;
				GCC_WARN_UNDECLARED_SELECTOR = YES;
				GCC_WARN_UNINITIALIZED_AUTOS = YES_AGGRESSIVE;
				GCC_WARN_UNUSED_FUNCTION = YES;
				GCC_WARN_UNUSED_VARIABLE = YES;
				IPHONEOS_DEPLOYMENT_TARGET = 16.4;
				MTL_ENABLE_DEBUG_INFO = INCLUDE_SOURCE;
				MTL_FAST_MATH = YES;
				ONLY_ACTIVE_ARCH = YES;
				SDKROOT = iphoneos;
				SWIFT_ACTIVE_COMPILATION_CONDITIONS = DEBUG;
				SWIFT_OPTIMIZATION_LEVEL = "-Onone";
			};
			name = Debug;
		};
		2AECF2B12AB9495200AA1E6B /* Release */ = {
			isa = XCBuildConfiguration;
			buildSettings = {
				ALWAYS_SEARCH_USER_PATHS = NO;
				CLANG_ANALYZER_NONNULL = YES;
				CLANG_ANALYZER_NUMBER_OBJECT_CONVERSION = YES_AGGRESSIVE;
				CLANG_CXX_LANGUAGE_STANDARD = "gnu++20";
				CLANG_ENABLE_MODULES = YES;
				CLANG_ENABLE_OBJC_ARC = YES;
				CLANG_ENABLE_OBJC_WEAK = YES;
				CLANG_WARN_BLOCK_CAPTURE_AUTORELEASING = YES;
				CLANG_WARN_BOOL_CONVERSION = YES;
				CLANG_WARN_COMMA = YES;
				CLANG_WARN_CONSTANT_CONVERSION = YES;
				CLANG_WARN_DEPRECATED_OBJC_IMPLEMENTATIONS = YES;
				CLANG_WARN_DIRECT_OBJC_ISA_USAGE = YES_ERROR;
				CLANG_WARN_DOCUMENTATION_COMMENTS = YES;
				CLANG_WARN_EMPTY_BODY = YES;
				CLANG_WARN_ENUM_CONVERSION = YES;
				CLANG_WARN_INFINITE_RECURSION = YES;
				CLANG_WARN_INT_CONVERSION = YES;
				CLANG_WARN_NON_LITERAL_NULL_CONVERSION = YES;
				CLANG_WARN_OBJC_IMPLICIT_RETAIN_SELF = YES;
				CLANG_WARN_OBJC_LITERAL_CONVERSION = YES;
				CLANG_WARN_OBJC_ROOT_CLASS = YES_ERROR;
				CLANG_WARN_QUOTED_INCLUDE_IN_FRAMEWORK_HEADER = YES;
				CLANG_WARN_RANGE_LOOP_ANALYSIS = YES;
				CLANG_WARN_STRICT_PROTOTYPES = YES;
				CLANG_WARN_SUSPICIOUS_MOVE = YES;
				CLANG_WARN_UNGUARDED_AVAILABILITY = YES_AGGRESSIVE;
				CLANG_WARN_UNREACHABLE_CODE = YES;
				CLANG_WARN__DUPLICATE_METHOD_MATCH = YES;
				COPY_PHASE_STRIP = NO;
				DEBUG_INFORMATION_FORMAT = "dwarf-with-dsym";
				ENABLE_NS_ASSERTIONS = NO;
				ENABLE_STRICT_OBJC_MSGSEND = YES;
				GCC_C_LANGUAGE_STANDARD = gnu11;
				GCC_NO_COMMON_BLOCKS = YES;
				GCC_WARN_64_TO_32_BIT_CONVERSION = YES;
				GCC_WARN_ABOUT_RETURN_TYPE = YES_ERROR;
				GCC_WARN_UNDECLARED_SELECTOR = YES;
				GCC_WARN_UNINITIALIZED_AUTOS = YES_AGGRESSIVE;
				GCC_WARN_UNUSED_FUNCTION = YES;
				GCC_WARN_UNUSED_VARIABLE = YES;
				IPHONEOS_DEPLOYMENT_TARGET = 16.4;
				MTL_ENABLE_DEBUG_INFO = NO;
				MTL_FAST_MATH = YES;
				SDKROOT = iphoneos;
				SWIFT_COMPILATION_MODE = wholemodule;
				SWIFT_OPTIMIZATION_LEVEL = "-O";
				VALIDATE_PRODUCT = YES;
			};
			name = Release;
		};
		2AECF2B32AB9495200AA1E6B /* Debug */ = {
			isa = XCBuildConfiguration;
			buildSettings = {
				ASSETCATALOG_COMPILER_APPICON_NAME = AppIcon;
				ASSETCATALOG_COMPILER_GLOBAL_ACCENT_COLOR_NAME = AccentColor;
				CODE_SIGN_STYLE = Automatic;
				CURRENT_PROJECT_VERSION = 1;
				DEVELOPMENT_ASSET_PATHS = "\"RomanNumeralsApp/Preview Content\"";
				DEVELOPMENT_TEAM = 5K6BH2N7SF;
				ENABLE_PREVIEWS = YES;
				GENERATE_INFOPLIST_FILE = YES;
				INFOPLIST_KEY_UIApplicationSceneManifest_Generation = YES;
				INFOPLIST_KEY_UIApplicationSupportsIndirectInputEvents = YES;
				INFOPLIST_KEY_UILaunchScreen_Generation = YES;
				INFOPLIST_KEY_UISupportedInterfaceOrientations_iPad = "UIInterfaceOrientationPortrait UIInterfaceOrientationPortraitUpsideDown UIInterfaceOrientationLandscapeLeft UIInterfaceOrientationLandscapeRight";
				INFOPLIST_KEY_UISupportedInterfaceOrientations_iPhone = "UIInterfaceOrientationPortrait UIInterfaceOrientationLandscapeLeft UIInterfaceOrientationLandscapeRight";
				LD_RUNPATH_SEARCH_PATHS = (
					"$(inherited)",
					"@executable_path/Frameworks",
				);
				MARKETING_VERSION = 1.0;
				PRODUCT_BUNDLE_IDENTIFIER = com.galih.RomanNumeralsApp;
				PRODUCT_NAME = "$(TARGET_NAME)";
				SWIFT_EMIT_LOC_STRINGS = YES;
				SWIFT_VERSION = 5.0;
				TARGETED_DEVICE_FAMILY = "1,2";
			};
			name = Debug;
		};
		2AECF2B42AB9495200AA1E6B /* Release */ = {
			isa = XCBuildConfiguration;
			buildSettings = {
				ASSETCATALOG_COMPILER_APPICON_NAME = AppIcon;
				ASSETCATALOG_COMPILER_GLOBAL_ACCENT_COLOR_NAME = AccentColor;
				CODE_SIGN_STYLE = Automatic;
				CURRENT_PROJECT_VERSION = 1;
				DEVELOPMENT_ASSET_PATHS = "\"RomanNumeralsApp/Preview Content\"";
				DEVELOPMENT_TEAM = 5K6BH2N7SF;
				ENABLE_PREVIEWS = YES;
				GENERATE_INFOPLIST_FILE = YES;
				INFOPLIST_KEY_UIApplicationSceneManifest_Generation = YES;
				INFOPLIST_KEY_UIApplicationSupportsIndirectInputEvents = YES;
				INFOPLIST_KEY_UILaunchScreen_Generation = YES;
				INFOPLIST_KEY_UISupportedInterfaceOrientations_iPad = "UIInterfaceOrientationPortrait UIInterfaceOrientationPortraitUpsideDown UIInterfaceOrientationLandscapeLeft UIInterfaceOrientationLandscapeRight";
				INFOPLIST_KEY_UISupportedInterfaceOrientations_iPhone = "UIInterfaceOrientationPortrait UIInterfaceOrientationLandscapeLeft UIInterfaceOrientationLandscapeRight";
				LD_RUNPATH_SEARCH_PATHS = (
					"$(inherited)",
					"@executable_path/Frameworks",
				);
				MARKETING_VERSION = 1.0;
				PRODUCT_BUNDLE_IDENTIFIER = com.galih.RomanNumeralsApp;
				PRODUCT_NAME = "$(TARGET_NAME)";
				SWIFT_EMIT_LOC_STRINGS = YES;
				SWIFT_VERSION = 5.0;
				TARGETED_DEVICE_FAMILY = "1,2";
			};
			name = Release;
		};
		2AECF2B62AB9495200AA1E6B /* Debug */ = {
			isa = XCBuildConfiguration;
			buildSettings = {
				ALWAYS_EMBED_SWIFT_STANDARD_LIBRARIES = YES;
				BUNDLE_LOADER = "$(TEST_HOST)";
				CODE_SIGN_STYLE = Automatic;
				CURRENT_PROJECT_VERSION = 1;
				DEVELOPMENT_TEAM = 5K6BH2N7SF;
				GENERATE_INFOPLIST_FILE = YES;
				IPHONEOS_DEPLOYMENT_TARGET = 16.4;
				MARKETING_VERSION = 1.0;
				PRODUCT_BUNDLE_IDENTIFIER = com.galih.RomanNumeralsAppTests;
				PRODUCT_NAME = "$(TARGET_NAME)";
				SWIFT_EMIT_LOC_STRINGS = NO;
				SWIFT_VERSION = 5.0;
				TARGETED_DEVICE_FAMILY = "1,2";
				TEST_HOST = "$(BUILT_PRODUCTS_DIR)/RomanNumeralsApp.app/$(BUNDLE_EXECUTABLE_FOLDER_PATH)/RomanNumeralsApp";
			};
			name = Debug;
		};
		2AECF2B72AB9495200AA1E6B /* Release */ = {
			isa = XCBuildConfiguration;
			buildSettings = {
				ALWAYS_EMBED_SWIFT_STANDARD_LIBRARIES = YES;
				BUNDLE_LOADER = "$(TEST_HOST)";
				CODE_SIGN_STYLE = Automatic;
				CURRENT_PROJECT_VERSION = 1;
				DEVELOPMENT_TEAM = 5K6BH2N7SF;
				GENERATE_INFOPLIST_FILE = YES;
				IPHONEOS_DEPLOYMENT_TARGET = 16.4;
				MARKETING_VERSION = 1.0;
				PRODUCT_BUNDLE_IDENTIFIER = com.galih.RomanNumeralsAppTests;
				PRODUCT_NAME = "$(TARGET_NAME)";
				SWIFT_EMIT_LOC_STRINGS = NO;
				SWIFT_VERSION = 5.0;
				TARGETED_DEVICE_FAMILY = "1,2";
				TEST_HOST = "$(BUILT_PRODUCTS_DIR)/RomanNumeralsApp.app/$(BUNDLE_EXECUTABLE_FOLDER_PATH)/RomanNumeralsApp";
			};
			name = Release;
		};
		2AECF2B92AB9495200AA1E6B /* Debug */ = {
			isa = XCBuildConfiguration;
			buildSettings = {
				ALWAYS_EMBED_SWIFT_STANDARD_LIBRARIES = YES;
				CODE_SIGN_STYLE = Automatic;
				CURRENT_PROJECT_VERSION = 1;
				DEVELOPMENT_TEAM = 5K6BH2N7SF;
				GENERATE_INFOPLIST_FILE = YES;
				MARKETING_VERSION = 1.0;
				PRODUCT_BUNDLE_IDENTIFIER = com.galih.RomanNumeralsAppUITests;
				PRODUCT_NAME = "$(TARGET_NAME)";
				SWIFT_EMIT_LOC_STRINGS = NO;
				SWIFT_VERSION = 5.0;
				TARGETED_DEVICE_FAMILY = "1,2";
				TEST_TARGET_NAME = RomanNumeralsApp;
			};
			name = Debug;
		};
		2AECF2BA2AB9495200AA1E6B /* Release */ = {
			isa = XCBuildConfiguration;
			buildSettings = {
				ALWAYS_EMBED_SWIFT_STANDARD_LIBRARIES = YES;
				CODE_SIGN_STYLE = Automatic;
				CURRENT_PROJECT_VERSION = 1;
				DEVELOPMENT_TEAM = 5K6BH2N7SF;
				GENERATE_INFOPLIST_FILE = YES;
				MARKETING_VERSION = 1.0;
				PRODUCT_BUNDLE_IDENTIFIER = com.galih.RomanNumeralsAppUITests;
				PRODUCT_NAME = "$(TARGET_NAME)";
				SWIFT_EMIT_LOC_STRINGS = NO;
				SWIFT_VERSION = 5.0;
				TARGETED_DEVICE_FAMILY = "1,2";
				TEST_TARGET_NAME = RomanNumeralsApp;
			};
			name = Release;
		};
/* End XCBuildConfiguration section */

/* Begin XCConfigurationList section */
		2AECF2892AB9495000AA1E6B /* Build configuration list for PBXProject "RomanNumeralsApp" */ = {
			isa = XCConfigurationList;
			buildConfigurations = (
				2AECF2B02AB9495200AA1E6B /* Debug */,
				2AECF2B12AB9495200AA1E6B /* Release */,
			);
			defaultConfigurationIsVisible = 0;
			defaultConfigurationName = Release;
		};
		2AECF2B22AB9495200AA1E6B /* Build configuration list for PBXNativeTarget "RomanNumeralsApp" */ = {
			isa = XCConfigurationList;
			buildConfigurations = (
				2AECF2B32AB9495200AA1E6B /* Debug */,
				2AECF2B42AB9495200AA1E6B /* Release */,
			);
			defaultConfigurationIsVisible = 0;
			defaultConfigurationName = Release;
		};
		2AECF2B52AB9495200AA1E6B /* Build configuration list for PBXNativeTarget "RomanNumeralsAppTests" */ = {
			isa = XCConfigurationList;
			buildConfigurations = (
				2AECF2B62AB9495200AA1E6B /* Debug */,
				2AECF2B72AB9495200AA1E6B /* Release */,
			);
			defaultConfigurationIsVisible = 0;
			defaultConfigurationName = Release;
		};
		2AECF2B82AB9495200AA1E6B /* Build configuration list for PBXNativeTarget "RomanNumeralsAppUITests" */ = {
			isa = XCConfigurationList;
			buildConfigurations = (
				2AECF2B92AB9495200AA1E6B /* Debug */,
				2AECF2BA2AB9495200AA1E6B /* Release */,
			);
			defaultConfigurationIsVisible = 0;
			defaultConfigurationName = Release;
		};
/* End XCConfigurationList section */
	};
	rootObject = 2AECF2862AB9495000AA1E6B /* Project object */;
}
